
Microsoft Visual Studio Solution File, Format Version 12.00
# Visual Studio Version 17
VisualStudioVersion = 17.5.33516.290
MinimumVisualStudioVersion = 10.0.40219.1
Project("{8BC9CEB8-8B4A-11D0-8D11-00A0C91BC942}") = "Blatt5", "Blatt5\Blatt5.vcxproj", "{BB30DA46-4D17-49E0-B9BD-EE23E52D1114}"
EndProject
Global
	GlobalSection(SolutionConfigurationPlatforms) = preSolution
		Debug|x64 = Debug|x64
		Debug|x86 = Debug|x86
		Release|x64 = Release|x64
		Release|x86 = Release|x86
	EndGlobalSection
	GlobalSection(ProjectConfigurationPlatforms) = postSolution
		{BB30DA46-4D17-49E0-B9BD-EE23E52D1114}.Debug|x64.ActiveCfg = Debug|x64
		{BB30DA46-4D17-49E0-B9BD-EE23E52D1114}.Debug|x64.Build.0 = Debug|x64
		{BB30DA46-4D17-49E0-B9BD-EE23E52D1114}.Debug|x86.ActiveCfg = Debug|Win32
		{BB30DA46-4D17-49E0-B9BD-EE23E52D1114}.Debug|x86.Build.0 = Debug|Win32
		{BB30DA46-4D17-49E0-B9BD-EE23E52D1114}.Release|x64.ActiveCfg = Release|x64
		{BB30DA46-4D17-49E0-B9BD-EE23E52D1114}.Release|x64.Build.0 = Release|x64
		{BB30DA46-4D17-49E0-B9BD-EE23E52D1114}.Release|x86.ActiveCfg = Release|Win32
		{BB30DA46-4D17-49E0-B9BD-EE23E52D1114}.Release|x86.Build.0 = Release|Win32
	EndGlobalSection
	GlobalSection(SolutionProperties) = preSolution
		HideSolutionNode = FALSE
	EndGlobalSection
	GlobalSection(ExtensibilityGlobals) = postSolution
		SolutionGuid = {34DF91C2-A060-48C3-B806-70067EC97451}
	EndGlobalSection
EndGlobal
